<?xml version="1.0" encoding="utf-8"?>
<Project ToolsVersion="4.0" xmlns="http://schemas.microsoft.com/developer/msbuild/2003">
  <ItemGroup>
    <Filter Include="Resource Files">
      <UniqueIdentifier>{50ac02f0-32c5-4d2b-96ad-4c01f3c6962c}</UniqueIdentifier>
      <Extensions>ico;cur;bmp;dlg;rc2;rct;bin;rgs;gif;jpg;jpeg;jpe</Extensions>
    </Filter>
    <Filter Include="Lua">
      <UniqueIdentifier>{714b9474-c11e-4642-ae6f-fcc9610d2a25}</UniqueIdentifier>
    </Filter>
    <Filter Include="source">
      <UniqueIdentifier>{2822d039-b1f9-435e-8966-781ee604ae40}</UniqueIdentifier>
    </Filter>
  </ItemGroup>
  <ItemGroup>
    <ClInclude Include="Lua\include\lauxlib.h">
      <Filter>Lua</Filter>
    </ClInclude>
    <ClInclude Include="Lua\include\lua.h">
      <Filter>Lua</Filter>
    </ClInclude>
    <ClInclude Include="Lua\include\lualib.h">
      <Filter>Lua</Filter>
    </ClInclude>
    <ClInclude Include="source\d3dapp.h">
      <Filter>source</Filter>
    </ClInclude>
    <ClInclude Include="source\d3dfile.h">
      <Filter>source</Filter>
    </ClInclude>
    <ClInclude Include="source\d3dfont.h">
      <Filter>source</Filter>
    </ClInclude>
    <ClInclude Include="source\d3dres.h">
      <Filter>source</Filter>
    </ClInclude>
    <ClInclude Include="source\d3dutil.h">
      <Filter>source</Filter>
    </ClInclude>
    <ClInclude Include="source\diutil.h">
      <Filter>source</Filter>
    </ClInclude>
    <ClInclude Include="source\dmutil.h">
      <Filter>source</Filter>
    </ClInclude>
    <ClInclude Include="source\dsutil.h">
      <Filter>source</Filter>
    </ClInclude>
    <ClInclude Include="source\dxutil.h">
      <Filter>source</Filter>
    </ClInclude>
    <ClInclude Include="source\GDPlay.hpp">
      <Filter>source</Filter>
    </ClInclude>
    <ClInclude Include="source\GLand.hpp">
      <Filter>source</Filter>
    </ClInclude>
    <ClInclude Include="source\GParticle.hpp">
      <Filter>source</Filter>
    </ClInclude>
    <ClInclude Include="source\GPlayers.h">
      <Filter>source</Filter>
    </ClInclude>
    <ClInclude Include="source\GRigid.hpp">
      <Filter>source</Filter>
    </ClInclude>
    <ClInclude Include="source\GVector.hpp">
      <Filter>source</Filter>
    </ClInclude>
    <ClInclude Include="source\Land.h">
      <Filter>source</Filter>
    </ClInclude>
    <ClInclude Include="source\luaScript.hpp">
      <Filter>source</Filter>
    </ClInclude>
    <ClInclude Include="source\luaSub.hpp">
      <Filter>source</Filter>
    </ClInclude>
    <ClInclude Include="source\luaSystem.hpp">
      <Filter>source</Filter>
    </ClInclude>
    <ClInclude Include="source\readData.hpp">
      <Filter>source</Filter>
    </ClInclude>
    <ClInclude Include="source\readLand.hpp">
      <Filter>source</Filter>
    </ClInclude>
    <ClInclude Include="source\readSub.hpp">
      <Filter>source</Filter>
    </ClInclude>
    <ClInclude Include="source\resource.h">
      <Filter>source</Filter>
    </ClInclude>
    <ClInclude Include="source\Rigidmain.h">
      <Filter>source</Filter>
    </ClInclude>
  </ItemGroup>
  <ItemGroup>
    <None Include="Rigid.ico">
      <Filter>Resource Files</Filter>
    </None>
    <None Include="Start.bmp">
      <Filter>Resource Files</Filter>
    </None>
  </ItemGroup>
  <ItemGroup>
    <Library Include="Lua\lib\liblua.lib">
      <Filter>Lua</Filter>
    </Library>
    <Library Include="Lua\lib\libluad.lib">
      <Filter>Lua</Filter>
    </Library>
    <Library Include="Lua\lib\liblualib.lib">
      <Filter>Lua</Filter>
    </Library>
    <Library Include="Lua\lib\liblualibd.lib">
      <Filter>Lua</Filter>
    </Library>
  </ItemGroup>
  <ItemGroup>
    <ClCompile Include="source\d3dapp.cpp">
      <Filter>source</Filter>
    </ClCompile>
    <ClCompile Include="source\d3dfile.cpp">
      <Filter>source</Filter>
    </ClCompile>
    <ClCompile Include="source\d3dfont.cpp">
      <Filter>source</Filter>
    </ClCompile>
    <ClCompile Include="source\d3dutil.cpp">
      <Filter>source</Filter>
    </ClCompile>
    <ClCompile Include="source\diutil.cpp">
      <Filter>source</Filter>
    </ClCompile>
    <ClCompile Include="source\dmutil.cpp">
      <Filter>source</Filter>
    </ClCompile>
    <ClCompile Include="source\dsutil.cpp">
      <Filter>source</Filter>
    </ClCompile>
    <ClCompile Include="source\dxutil.cpp">
      <Filter>source</Filter>
    </ClCompile>
    <ClCompile Include="source\GRigid.cpp">
      <Filter>source</Filter>
    </ClCompile>
    <ClCompile Include="source\GVector.cpp">
      <Filter>source</Filter>
    </ClCompile>
    <ClCompile Include="source\luaScript.cpp">
      <Filter>source</Filter>
    </ClCompile>
    <ClCompile Include="source\luaSub.cpp">
      <Filter>source</Filter>
    </ClCompile>
    <ClCompile Include="source\luaSystem.cpp">
      <Filter>source</Filter>
    </ClCompile>
    <ClCompile Include="source\readdata.cpp">
      <Filter>source</Filter>
    </ClCompile>
    <ClCompile Include="source\readLand.cpp">
      <Filter>source</Filter>
    </ClCompile>
    <ClCompile Include="source\readSub.cpp">
      <Filter>source</Filter>
    </ClCompile>
    <ClCompile Include="source\Rigidmain.cpp">
      <Filter>source</Filter>
    </ClCompile>
    <ClCompile Include="source\script.cpp">
      <Filter>source</Filter>
    </ClCompile>
  </ItemGroup>
  <ItemGroup>
    <ResourceCompile Include="source\Rigid.rc">
      <Filter>source</Filter>
    </ResourceCompile>
  </ItemGroup>
</Project>