<?xml version="1.0" encoding="utf-8"?>
<Project ToolsVersion="4.0" xmlns="http://schemas.microsoft.com/developer/msbuild/2003">
  <ItemGroup>
    <Filter Include="Resource Files">
      <UniqueIdentifier>{50ac02f0-32c5-4d2b-96ad-4c01f3c6962c}</UniqueIdentifier>
      <Extensions>ico;cur;bmp;dlg;rc2;rct;bin;rgs;gif;jpg;jpeg;jpe</Extensions>
    </Filter>
    <Filter Include="Lua">
      <UniqueIdentifier>{714b9474-c11e-4642-ae6f-fcc9610d2a25}</UniqueIdentifier>
    </Filter>
    <Filter Include="src">
      <UniqueIdentifier>{2822d039-b1f9-435e-8966-781ee604ae40}</UniqueIdentifier>
    </Filter>
  </ItemGroup>
  <ItemGroup>
    <ClInclude Include="Lua\include\lauxlib.h">
      <Filter>Lua</Filter>
    </ClInclude>
    <ClInclude Include="Lua\include\lua.h">
      <Filter>Lua</Filter>
    </ClInclude>
    <ClInclude Include="Lua\include\lualib.h">
      <Filter>Lua</Filter>
    </ClInclude>
    <ClInclude Include="src\d3dapp.h">
      <Filter>src</Filter>
    </ClInclude>
    <ClInclude Include="src\d3dfile.h">
      <Filter>src</Filter>
    </ClInclude>
    <ClInclude Include="src\d3dfont.h">
      <Filter>src</Filter>
    </ClInclude>
    <ClInclude Include="src\d3dres.h">
      <Filter>src</Filter>
    </ClInclude>
    <ClInclude Include="src\d3dutil.h">
      <Filter>src</Filter>
    </ClInclude>
    <ClInclude Include="src\diutil.h">
      <Filter>src</Filter>
    </ClInclude>
    <ClInclude Include="src\dmutil.h">
      <Filter>src</Filter>
    </ClInclude>
    <ClInclude Include="src\dsutil.h">
      <Filter>src</Filter>
    </ClInclude>
    <ClInclude Include="src\dxutil.h">
      <Filter>src</Filter>
    </ClInclude>
    <ClInclude Include="src\GDPlay.hpp">
      <Filter>src</Filter>
    </ClInclude>
    <ClInclude Include="src\GLand.hpp">
      <Filter>src</Filter>
    </ClInclude>
    <ClInclude Include="src\GParticle.hpp">
      <Filter>src</Filter>
    </ClInclude>
    <ClInclude Include="src\GPlayers.h">
      <Filter>src</Filter>
    </ClInclude>
    <ClInclude Include="src\GRigid.hpp">
      <Filter>src</Filter>
    </ClInclude>
    <ClInclude Include="src\GVector.hpp">
      <Filter>src</Filter>
    </ClInclude>
    <ClInclude Include="src\luaScript.hpp">
      <Filter>src</Filter>
    </ClInclude>
    <ClInclude Include="src\luaSub.hpp">
      <Filter>src</Filter>
    </ClInclude>
    <ClInclude Include="src\luaSystem.hpp">
      <Filter>src</Filter>
    </ClInclude>
    <ClInclude Include="src\readData.hpp">
      <Filter>src</Filter>
    </ClInclude>
    <ClInclude Include="src\readSub.hpp">
      <Filter>src</Filter>
    </ClInclude>
    <ClInclude Include="src\resource.h">
      <Filter>src</Filter>
    </ClInclude>
    <ClInclude Include="src\Rigidmain.h">
      <Filter>src</Filter>
    </ClInclude>
    <ClInclude Include="src\Consts.hpp">
      <Filter>src</Filter>
    </ClInclude>
    <ClInclude Include="src\Globals.hpp">
      <Filter>src</Filter>
    </ClInclude>
  </ItemGroup>
  <ItemGroup>
    <None Include="Rigid.ico">
      <Filter>Resource Files</Filter>
    </None>
    <None Include="Start.bmp">
      <Filter>Resource Files</Filter>
    </None>
  </ItemGroup>
  <ItemGroup>
    <ClCompile Include="src\d3dapp.cpp">
      <Filter>src</Filter>
    </ClCompile>
    <ClCompile Include="src\d3dfile.cpp">
      <Filter>src</Filter>
    </ClCompile>
    <ClCompile Include="src\d3dfont.cpp">
      <Filter>src</Filter>
    </ClCompile>
    <ClCompile Include="src\d3dutil.cpp">
      <Filter>src</Filter>
    </ClCompile>
    <ClCompile Include="src\diutil.cpp">
      <Filter>src</Filter>
    </ClCompile>
    <ClCompile Include="src\dmutil.cpp">
      <Filter>src</Filter>
    </ClCompile>
    <ClCompile Include="src\dsutil.cpp">
      <Filter>src</Filter>
    </ClCompile>
    <ClCompile Include="src\dxutil.cpp">
      <Filter>src</Filter>
    </ClCompile>
    <ClCompile Include="src\GRigid.cpp">
      <Filter>src</Filter>
    </ClCompile>
    <ClCompile Include="src\GVector.cpp">
      <Filter>src</Filter>
    </ClCompile>
    <ClCompile Include="src\luaScript.cpp">
      <Filter>src</Filter>
    </ClCompile>
    <ClCompile Include="src\luaSub.cpp">
      <Filter>src</Filter>
    </ClCompile>
    <ClCompile Include="src\luaSystem.cpp">
      <Filter>src</Filter>
    </ClCompile>
    <ClCompile Include="src\readdata.cpp">
      <Filter>src</Filter>
    </ClCompile>
    <ClCompile Include="src\readSub.cpp">
      <Filter>src</Filter>
    </ClCompile>
    <ClCompile Include="src\Rigidmain.cpp">
      <Filter>src</Filter>
    </ClCompile>
    <ClCompile Include="src\script.cpp">
      <Filter>src</Filter>
    </ClCompile>
    <ClCompile Include="src\Globals.cpp">
      <Filter>src</Filter>
    </ClCompile>
  </ItemGroup>
  <ItemGroup>
    <ResourceCompile Include="src\Rigid.rc">
      <Filter>src</Filter>
    </ResourceCompile>
  </ItemGroup>
  <ItemGroup>
    <Library Include="Lua\lua50.lib">
      <Filter>Lua</Filter>
    </Library>
  </ItemGroup>
</Project>